Microsoft Visual Studio Solution File, Format Version 12.00
# Visual Studio 15
VisualStudioVersion = 15.0.26124.0
MinimumVisualStudioVersion = 15.0.26124.0
Project("{FAE04EC0-301F-11D3-BF4B-00C04F79EFBC}") = "Eggado", "src\Eggado.csproj", "{49EB3205-5100-4073-AA9A-9251A12FA2F7}"
EndProject
Project("{2150E333-8FDC-42A3-9474-1A3956D46DE8}") = "Solution Items", "Solution Items", "{0C542E67-7C1F-45D6-95CF-DDB759B3EA0A}"
	ProjectSection(SolutionItems) = preProject
		build.cmd = build.cmd
		buildw.cmd = buildw.cmd
		COPYING.txt = COPYING.txt
		pack.cmd = pack.cmd
		packw.cmd = packw.cmd
		README.md = README.md
		build.sh = build.sh
		pack.sh = pack.sh
		test.sh = test.sh
		global.json = global.json
	EndProjectSection
EndProject
Project("{FAE04EC0-301F-11D3-BF4B-00C04F79EFBC}") = "Eggado.Tests", "tests\Eggado.Tests.csproj", "{C25247D3-8E50-4B11-A8AD-0040B1D8420D}"
EndProject
Global
	GlobalSection(SolutionConfigurationPlatforms) = preSolution
		Debug|Any CPU = Debug|Any CPU
		Debug|x64 = Debug|x64
		Debug|x86 = Debug|x86
		Release|Any CPU = Release|Any CPU
		Release|x64 = Release|x64
		Release|x86 = Release|x86
	EndGlobalSection
	GlobalSection(SolutionProperties) = preSolution
		HideSolutionNode = FALSE
	EndGlobalSection
	GlobalSection(ProjectConfigurationPlatforms) = postSolution
		{49EB3205-5100-4073-AA9A-9251A12FA2F7}.Debug|Any CPU.ActiveCfg = Debug|Any CPU
		{49EB3205-5100-4073-AA9A-9251A12FA2F7}.Debug|Any CPU.Build.0 = Debug|Any CPU
		{49EB3205-5100-4073-AA9A-9251A12FA2F7}.Debug|x64.ActiveCfg = Debug|x64
		{49EB3205-5100-4073-AA9A-9251A12FA2F7}.Debug|x64.Build.0 = Debug|x64
		{49EB3205-5100-4073-AA9A-9251A12FA2F7}.Debug|x86.ActiveCfg = Debug|x86
		{49EB3205-5100-4073-AA9A-9251A12FA2F7}.Debug|x86.Build.0 = Debug|x86
		{49EB3205-5100-4073-AA9A-9251A12FA2F7}.Release|Any CPU.ActiveCfg = Release|Any CPU
		{49EB3205-5100-4073-AA9A-9251A12FA2F7}.Release|Any CPU.Build.0 = Release|Any CPU
		{49EB3205-5100-4073-AA9A-9251A12FA2F7}.Release|x64.ActiveCfg = Release|x64
		{49EB3205-5100-4073-AA9A-9251A12FA2F7}.Release|x64.Build.0 = Release|x64
		{49EB3205-5100-4073-AA9A-9251A12FA2F7}.Release|x86.ActiveCfg = Release|x86
		{49EB3205-5100-4073-AA9A-9251A12FA2F7}.Release|x86.Build.0 = Release|x86
		{C25247D3-8E50-4B11-A8AD-0040B1D8420D}.Debug|Any CPU.ActiveCfg = Debug|Any CPU
		{C25247D3-8E50-4B11-A8AD-0040B1D8420D}.Debug|Any CPU.Build.0 = Debug|Any CPU
		{C25247D3-8E50-4B11-A8AD-0040B1D8420D}.Debug|x64.ActiveCfg = Debug|x64
		{C25247D3-8E50-4B11-A8AD-0040B1D8420D}.Debug|x64.Build.0 = Debug|x64
		{C25247D3-8E50-4B11-A8AD-0040B1D8420D}.Debug|x86.ActiveCfg = Debug|x86
		{C25247D3-8E50-4B11-A8AD-0040B1D8420D}.Debug|x86.Build.0 = Debug|x86
		{C25247D3-8E50-4B11-A8AD-0040B1D8420D}.Release|Any CPU.ActiveCfg = Release|Any CPU
		{C25247D3-8E50-4B11-A8AD-0040B1D8420D}.Release|Any CPU.Build.0 = Release|Any CPU
		{C25247D3-8E50-4B11-A8AD-0040B1D8420D}.Release|x64.ActiveCfg = Release|x64
		{C25247D3-8E50-4B11-A8AD-0040B1D8420D}.Release|x64.Build.0 = Release|x64
		{C25247D3-8E50-4B11-A8AD-0040B1D8420D}.Release|x86.ActiveCfg = Release|x86
		{C25247D3-8E50-4B11-A8AD-0040B1D8420D}.Release|x86.Build.0 = Release|x86
	EndGlobalSection
EndGlobal
