
Microsoft Visual Studio Solution File, Format Version 11.00
# Visual Studio 2010
Project("{FAE04EC0-301F-11D3-BF4B-00C04F79EFBC}") = "Eggado", "Eggado.csproj", "{4ED77A7B-4686-4141-9D13-D7E325D92D66}"
EndProject
Project("{2150E333-8FDC-42A3-9474-1A3956D46DE8}") = "Solution Items", "Solution Items", "{0C542E67-7C1F-45D6-95CF-DDB759B3EA0A}"
	ProjectSection(SolutionItems) = preProject
		..\pkg\Eggado.nuspec = ..\pkg\Eggado.nuspec
		Eggado.vsmdi = Eggado.vsmdi
		Local.testsettings = Local.testsettings
		TraceAndTestImpact.testsettings = TraceAndTestImpact.testsettings
	EndProjectSection
EndProject
Project("{FAE04EC0-301F-11D3-BF4B-00C04F79EFBC}") = "Eggado.Tests", "..\tests\Eggado.Tests.csproj", "{8CB14BCD-88D0-4D3A-97F4-4A6C769DC695}"
EndProject
Global
	GlobalSection(TestCaseManagementSettings) = postSolution
		CategoryFile = Eggado.vsmdi
	EndGlobalSection
	GlobalSection(SolutionConfigurationPlatforms) = preSolution
		Debug|Any CPU = Debug|Any CPU
		Release|Any CPU = Release|Any CPU
	EndGlobalSection
	GlobalSection(ProjectConfigurationPlatforms) = postSolution
		{4ED77A7B-4686-4141-9D13-D7E325D92D66}.Debug|Any CPU.ActiveCfg = Debug|Any CPU
		{4ED77A7B-4686-4141-9D13-D7E325D92D66}.Debug|Any CPU.Build.0 = Debug|Any CPU
		{4ED77A7B-4686-4141-9D13-D7E325D92D66}.Release|Any CPU.ActiveCfg = Release|Any CPU
		{4ED77A7B-4686-4141-9D13-D7E325D92D66}.Release|Any CPU.Build.0 = Release|Any CPU
		{8CB14BCD-88D0-4D3A-97F4-4A6C769DC695}.Debug|Any CPU.ActiveCfg = Debug|Any CPU
		{8CB14BCD-88D0-4D3A-97F4-4A6C769DC695}.Debug|Any CPU.Build.0 = Debug|Any CPU
		{8CB14BCD-88D0-4D3A-97F4-4A6C769DC695}.Release|Any CPU.ActiveCfg = Release|Any CPU
		{8CB14BCD-88D0-4D3A-97F4-4A6C769DC695}.Release|Any CPU.Build.0 = Release|Any CPU
	EndGlobalSection
	GlobalSection(SolutionProperties) = preSolution
		HideSolutionNode = FALSE
	EndGlobalSection
EndGlobal
